
Microsoft Visual Studio Solution File, Format Version 12.00
# Visual Studio 2015
Project("{FAE04EC0-301F-11D3-BF4B-00C04F79EFBC}") = "Roach V02.Plugins", "Roach V02.Plugins.csproj", "{98591B52-57E6-2168-1F53-B6AB537495A7}"
EndProject
Project("{FAE04EC0-301F-11D3-BF4B-00C04F79EFBC}") = "Roach V02", "Roach V02.csproj", "{52CEF706-BD09-083A-C108-E38403C43A0F}"
EndProject
Project("{FAE04EC0-301F-11D3-BF4B-00C04F79EFBC}") = "Roach V02.Editor.Plugins", "Roach V02.Editor.Plugins.csproj", "{273330F7-C41F-BB25-CB1E-B7FF1DAD2B27}"
EndProject
Project("{FAE04EC0-301F-11D3-BF4B-00C04F79EFBC}") = "Roach V02.Editor", "Roach V02.Editor.csproj", "{94421E93-790C-B7D1-0AEE-7F44B44770B4}"
EndProject
Global
	GlobalSection(SolutionConfigurationPlatforms) = preSolution
		Debug|Any CPU = Debug|Any CPU
		Release|Any CPU = Release|Any CPU
	EndGlobalSection
	GlobalSection(ProjectConfigurationPlatforms) = postSolution
		{98591B52-57E6-2168-1F53-B6AB537495A7}.Debug|Any CPU.ActiveCfg = Debug|Any CPU
		{98591B52-57E6-2168-1F53-B6AB537495A7}.Debug|Any CPU.Build.0 = Debug|Any CPU
		{98591B52-57E6-2168-1F53-B6AB537495A7}.Release|Any CPU.ActiveCfg = Release|Any CPU
		{98591B52-57E6-2168-1F53-B6AB537495A7}.Release|Any CPU.Build.0 = Release|Any CPU
		{52CEF706-BD09-083A-C108-E38403C43A0F}.Debug|Any CPU.ActiveCfg = Debug|Any CPU
		{52CEF706-BD09-083A-C108-E38403C43A0F}.Debug|Any CPU.Build.0 = Debug|Any CPU
		{52CEF706-BD09-083A-C108-E38403C43A0F}.Release|Any CPU.ActiveCfg = Release|Any CPU
		{52CEF706-BD09-083A-C108-E38403C43A0F}.Release|Any CPU.Build.0 = Release|Any CPU
		{273330F7-C41F-BB25-CB1E-B7FF1DAD2B27}.Debug|Any CPU.ActiveCfg = Debug|Any CPU
		{273330F7-C41F-BB25-CB1E-B7FF1DAD2B27}.Debug|Any CPU.Build.0 = Debug|Any CPU
		{273330F7-C41F-BB25-CB1E-B7FF1DAD2B27}.Release|Any CPU.ActiveCfg = Release|Any CPU
		{273330F7-C41F-BB25-CB1E-B7FF1DAD2B27}.Release|Any CPU.Build.0 = Release|Any CPU
		{94421E93-790C-B7D1-0AEE-7F44B44770B4}.Debug|Any CPU.ActiveCfg = Debug|Any CPU
		{94421E93-790C-B7D1-0AEE-7F44B44770B4}.Debug|Any CPU.Build.0 = Debug|Any CPU
		{94421E93-790C-B7D1-0AEE-7F44B44770B4}.Release|Any CPU.ActiveCfg = Release|Any CPU
		{94421E93-790C-B7D1-0AEE-7F44B44770B4}.Release|Any CPU.Build.0 = Release|Any CPU
	EndGlobalSection
	GlobalSection(SolutionProperties) = preSolution
		HideSolutionNode = FALSE
	EndGlobalSection
EndGlobal
