
Microsoft Visual Studio Solution File, Format Version 11.00
# Visual Studio 2010
Project("{FAE04EC0-301F-11D3-BF4B-00C04F79EFBC}") = "Roach-V2", "Assembly-CSharp-firstpass.csproj", "{1235196B-9F17-F1F6-75D8-421270116F95}"
EndProject
Project("{FAE04EC0-301F-11D3-BF4B-00C04F79EFBC}") = "Roach-V2", "Assembly-CSharp.csproj", "{C0067501-3CB8-88C1-416B-A094A0B13A22}"
EndProject
Project("{FAE04EC0-301F-11D3-BF4B-00C04F79EFBC}") = "Roach-V2", "Assembly-CSharp-Editor-firstpass.csproj", "{1469A668-6F75-1E83-6CD9-344C0F36870B}"
EndProject
Project("{FAE04EC0-301F-11D3-BF4B-00C04F79EFBC}") = "Roach-V2", "Assembly-CSharp-Editor.csproj", "{E77E5D78-E293-E916-794B-B3AE9B063E54}"
EndProject
Global
	GlobalSection(SolutionConfigurationPlatforms) = preSolution
		Debug|Any CPU = Debug|Any CPU
		Release|Any CPU = Release|Any CPU
	EndGlobalSection
	GlobalSection(ProjectConfigurationPlatforms) = postSolution
		{1235196B-9F17-F1F6-75D8-421270116F95}.Debug|Any CPU.ActiveCfg = Debug|Any CPU
		{1235196B-9F17-F1F6-75D8-421270116F95}.Debug|Any CPU.Build.0 = Debug|Any CPU
		{1235196B-9F17-F1F6-75D8-421270116F95}.Release|Any CPU.ActiveCfg = Release|Any CPU
		{1235196B-9F17-F1F6-75D8-421270116F95}.Release|Any CPU.Build.0 = Release|Any CPU
		{C0067501-3CB8-88C1-416B-A094A0B13A22}.Debug|Any CPU.ActiveCfg = Debug|Any CPU
		{C0067501-3CB8-88C1-416B-A094A0B13A22}.Debug|Any CPU.Build.0 = Debug|Any CPU
		{C0067501-3CB8-88C1-416B-A094A0B13A22}.Release|Any CPU.ActiveCfg = Release|Any CPU
		{C0067501-3CB8-88C1-416B-A094A0B13A22}.Release|Any CPU.Build.0 = Release|Any CPU
		{1469A668-6F75-1E83-6CD9-344C0F36870B}.Debug|Any CPU.ActiveCfg = Debug|Any CPU
		{1469A668-6F75-1E83-6CD9-344C0F36870B}.Debug|Any CPU.Build.0 = Debug|Any CPU
		{1469A668-6F75-1E83-6CD9-344C0F36870B}.Release|Any CPU.ActiveCfg = Release|Any CPU
		{1469A668-6F75-1E83-6CD9-344C0F36870B}.Release|Any CPU.Build.0 = Release|Any CPU
		{E77E5D78-E293-E916-794B-B3AE9B063E54}.Debug|Any CPU.ActiveCfg = Debug|Any CPU
		{E77E5D78-E293-E916-794B-B3AE9B063E54}.Debug|Any CPU.Build.0 = Debug|Any CPU
		{E77E5D78-E293-E916-794B-B3AE9B063E54}.Release|Any CPU.ActiveCfg = Release|Any CPU
		{E77E5D78-E293-E916-794B-B3AE9B063E54}.Release|Any CPU.Build.0 = Release|Any CPU
	EndGlobalSection
	GlobalSection(SolutionProperties) = preSolution
		HideSolutionNode = FALSE
	EndGlobalSection
	GlobalSection(MonoDevelopProperties) = preSolution
		StartupItem = Assembly-CSharp.csproj
	EndGlobalSection
EndGlobal
