
Microsoft Visual Studio Solution File, Format Version 12.00
# Visual Studio 2015
Project("{FAE04EC0-301F-11D3-BF4B-00C04F79EFBC}") = "Roach Game.Plugins", "Roach Game.Plugins.csproj", "{3F4D8DB1-492E-0F6E-9E6D-70887AD733C6}"
EndProject
Project("{FAE04EC0-301F-11D3-BF4B-00C04F79EFBC}") = "Roach Game", "Roach Game.csproj", "{151834BD-7FA8-4ECC-BB41-BF4B274AF7CB}"
EndProject
Project("{FAE04EC0-301F-11D3-BF4B-00C04F79EFBC}") = "Roach Game.Editor.Plugins", "Roach Game.Editor.Plugins.csproj", "{77ACDBDB-0805-2431-3F08-2530FF9DAF73}"
EndProject
Project("{FAE04EC0-301F-11D3-BF4B-00C04F79EFBC}") = "Roach Game.Editor", "Roach Game.Editor.csproj", "{26A76A22-0372-8D9F-D6E4-1C2F952C42A4}"
EndProject
Global
	GlobalSection(SolutionConfigurationPlatforms) = preSolution
		Debug|Any CPU = Debug|Any CPU
		Release|Any CPU = Release|Any CPU
	EndGlobalSection
	GlobalSection(ProjectConfigurationPlatforms) = postSolution
		{3F4D8DB1-492E-0F6E-9E6D-70887AD733C6}.Debug|Any CPU.ActiveCfg = Debug|Any CPU
		{3F4D8DB1-492E-0F6E-9E6D-70887AD733C6}.Debug|Any CPU.Build.0 = Debug|Any CPU
		{3F4D8DB1-492E-0F6E-9E6D-70887AD733C6}.Release|Any CPU.ActiveCfg = Release|Any CPU
		{3F4D8DB1-492E-0F6E-9E6D-70887AD733C6}.Release|Any CPU.Build.0 = Release|Any CPU
		{151834BD-7FA8-4ECC-BB41-BF4B274AF7CB}.Debug|Any CPU.ActiveCfg = Debug|Any CPU
		{151834BD-7FA8-4ECC-BB41-BF4B274AF7CB}.Debug|Any CPU.Build.0 = Debug|Any CPU
		{151834BD-7FA8-4ECC-BB41-BF4B274AF7CB}.Release|Any CPU.ActiveCfg = Release|Any CPU
		{151834BD-7FA8-4ECC-BB41-BF4B274AF7CB}.Release|Any CPU.Build.0 = Release|Any CPU
		{77ACDBDB-0805-2431-3F08-2530FF9DAF73}.Debug|Any CPU.ActiveCfg = Debug|Any CPU
		{77ACDBDB-0805-2431-3F08-2530FF9DAF73}.Debug|Any CPU.Build.0 = Debug|Any CPU
		{77ACDBDB-0805-2431-3F08-2530FF9DAF73}.Release|Any CPU.ActiveCfg = Release|Any CPU
		{77ACDBDB-0805-2431-3F08-2530FF9DAF73}.Release|Any CPU.Build.0 = Release|Any CPU
		{26A76A22-0372-8D9F-D6E4-1C2F952C42A4}.Debug|Any CPU.ActiveCfg = Debug|Any CPU
		{26A76A22-0372-8D9F-D6E4-1C2F952C42A4}.Debug|Any CPU.Build.0 = Debug|Any CPU
		{26A76A22-0372-8D9F-D6E4-1C2F952C42A4}.Release|Any CPU.ActiveCfg = Release|Any CPU
		{26A76A22-0372-8D9F-D6E4-1C2F952C42A4}.Release|Any CPU.Build.0 = Release|Any CPU
	EndGlobalSection
	GlobalSection(SolutionProperties) = preSolution
		HideSolutionNode = FALSE
	EndGlobalSection
EndGlobal
